
Microsoft Visual Studio Solution File, Format Version 12.00
# Visual Studio 15
VisualStudioVersion = 15.0.28307.757
MinimumVisualStudioVersion = 10.0.40219.1
Project("{159641D6-6404-4A2A-AE62-294DE0FE8301}") = "test_ssis", "test_ssis\test_ssis.dtproj", "{5D022CB0-F6C6-41D1-A18A-BD86805021AD}"
EndProject
Global
	GlobalSection(SolutionConfigurationPlatforms) = preSolution
		Development|Default = Development|Default
	EndGlobalSection
	GlobalSection(ProjectConfigurationPlatforms) = postSolution
		{5D022CB0-F6C6-41D1-A18A-BD86805021AD}.Development|Default.ActiveCfg = Development
		{5D022CB0-F6C6-41D1-A18A-BD86805021AD}.Development|Default.Build.0 = Development
	EndGlobalSection
	GlobalSection(SolutionProperties) = preSolution
		HideSolutionNode = FALSE
	EndGlobalSection
	GlobalSection(ExtensibilityGlobals) = postSolution
		SolutionGuid = {7297C543-AC20-4C09-B03B-B740ED5213AB}
	EndGlobalSection
EndGlobal
